
Microsoft Visual Studio Solution File, Format Version 12.00
# Visual Studio Version 17
VisualStudioVersion = 17.5.33530.505
MinimumVisualStudioVersion = 10.0.40219.1
Project("{FAE04EC0-301F-11D3-BF4B-00C04F79EFBC}") = "TollCalculator", "./TollCalculator/TollCalculator.csproj", "{B75F98C2-FD94-4866-A454-8E0B33D3B6B7}"
EndProject
Global
	GlobalSection(SolutionConfigurationPlatforms) = preSolution
		Debug|Any CPU = Debug|Any CPU
		Release|Any CPU = Release|Any CPU
	EndGlobalSection
	GlobalSection(ProjectConfigurationPlatforms) = postSolution
		{B75F98C2-FD94-4866-A454-8E0B33D3B6B7}.Debug|Any CPU.ActiveCfg = Debug|Any CPU
		{B75F98C2-FD94-4866-A454-8E0B33D3B6B7}.Debug|Any CPU.Build.0 = Debug|Any CPU
		{B75F98C2-FD94-4866-A454-8E0B33D3B6B7}.Release|Any CPU.ActiveCfg = Release|Any CPU
		{B75F98C2-FD94-4866-A454-8E0B33D3B6B7}.Release|Any CPU.Build.0 = Release|Any CPU
	EndGlobalSection
	GlobalSection(SolutionProperties) = preSolution
		HideSolutionNode = FALSE
	EndGlobalSection
	GlobalSection(ExtensibilityGlobals) = postSolution
		SolutionGuid = {2E1D75C1-5F85-46C2-8F62-688B12DA765F}
	EndGlobalSection
EndGlobal
